{
  "version": "3",
  "packages": {
    "specifiers": {
      "jsr:@dx/reflect@0.2.2": "jsr:@dx/reflect@0.2.2"
    },
    "jsr": {
      "@dx/reflect@0.2.2": {
        "integrity": "7c304c9d79960cadeab9ade510c14ca63cd8cafb62e098177293b8f64ff62618"
      }
    }
  },
  "remote": {},
  "workspace": {
    "dependencies": [
      "jsr:@dx/reflect@0.2.2",
      "jsr:@std/assert@0.223",
      "jsr:@std/testing@0.223"
    ]
  }
}
